speakeasyVersion: 1.793.1
sources:
    kombo-prepared-spec:
        sourceNamespace: kombo-api
        sourceRevisionDigest: sha256:ed16b9f2a4cce00a53aa105d3ad3e2abe5c0818c57cbe6d87b8f9ca7045198f6
        sourceBlobDigest: sha256:72986e004c346d96cad1e129dd435a0f07a69373ee813252b4a406c6aedc6e78
        tags:
            - latest
            - 1.0.0
targets:
    kombo-ruby:
        source: kombo-prepared-spec
        sourceNamespace: kombo-api
        sourceRevisionDigest: sha256:ed16b9f2a4cce00a53aa105d3ad3e2abe5c0818c57cbe6d87b8f9ca7045198f6
        sourceBlobDigest: sha256:72986e004c346d96cad1e129dd435a0f07a69373ee813252b4a406c6aedc6e78
        codeSamplesNamespace: kombo-api-python-ruby-code-samples
        codeSamplesRevisionDigest: sha256:955d606c3f0ede4dde8b7bed2add3693c5d23a36fcdb0d264416b9925f5646c2
workflow:
    workflowVersion: 1.0.0
    speakeasyVersion: latest
    sources:
        kombo-prepared-spec:
            inputs:
                - location: https://api.kombo.dev/internal/sdk.openapi.yaml
                  authHeader: Authorization
                  authSecret: $openapi_doc_auth_token
            registry:
                location: registry.speakeasyapi.dev/kombo-ayg/api/kombo-api
    targets:
        kombo-ruby:
            target: ruby
            source: kombo-prepared-spec
            publish:
                rubygems:
                    token: $rubygems_auth_token
            codeSamples:
                registry:
                    location: registry.speakeasyapi.dev/kombo-ayg/api/kombo-api-python-ruby-code-samples
                blocking: false
            testing:
                enabled: false
