speakeasyVersion: 1.722.7
sources:
    kombo-prepared-spec:
        sourceNamespace: kombo-api
        sourceRevisionDigest: sha256:407247f490cb5dca12a9948bcb1398986c8ab139e84ee5922e1e5b0aa7186f69
        sourceBlobDigest: sha256:a96d7cd1c3758940cdab799c382ee41f4e0c985bba0539b1e57657b29e4d90cd
        tags:
            - latest
            - speakeasy-sdk-regen-1771548385
            - 1.0.0
targets:
    kombo-ruby:
        source: kombo-prepared-spec
        sourceNamespace: kombo-api
        sourceRevisionDigest: sha256:407247f490cb5dca12a9948bcb1398986c8ab139e84ee5922e1e5b0aa7186f69
        sourceBlobDigest: sha256:a96d7cd1c3758940cdab799c382ee41f4e0c985bba0539b1e57657b29e4d90cd
        codeSamplesNamespace: kombo-api-python-ruby-code-samples
        codeSamplesRevisionDigest: sha256:bcf93ba4af8b5ea636c2862ebda4f0328d0c4df406329076df80d5f6fbbece1f
workflow:
    workflowVersion: 1.0.0
    speakeasyVersion: latest
    sources:
        kombo-prepared-spec:
            inputs:
                - location: https://api.kombo.dev/internal/sdk.openapi.yaml
                  authHeader: Authorization
                  authSecret: $openapi_doc_auth_token
            registry:
                location: registry.speakeasyapi.dev/kombo-ayg/api/kombo-api
    targets:
        kombo-ruby:
            target: ruby
            source: kombo-prepared-spec
            publish:
                rubygems:
                    token: $rubygems_auth_token
            codeSamples:
                registry:
                    location: registry.speakeasyapi.dev/kombo-ayg/api/kombo-api-python-ruby-code-samples
                blocking: false
            testing:
                enabled: false
