speakeasyVersion: 1.791.0
sources:
    kombo-prepared-spec:
        sourceNamespace: kombo-api
        sourceRevisionDigest: sha256:eb1dc10690894387b28e95abdbb6fdabbf0487732d768fe517c531e939067667
        sourceBlobDigest: sha256:2a0870c417dba29d8989de5f0d60dc06dbd6418cd4f0da47c0a4491177d6aa3e
        tags:
            - latest
            - 1.0.0
targets:
    kombo-ruby:
        source: kombo-prepared-spec
        sourceNamespace: kombo-api
        sourceRevisionDigest: sha256:eb1dc10690894387b28e95abdbb6fdabbf0487732d768fe517c531e939067667
        sourceBlobDigest: sha256:2a0870c417dba29d8989de5f0d60dc06dbd6418cd4f0da47c0a4491177d6aa3e
        codeSamplesNamespace: kombo-api-python-ruby-code-samples
        codeSamplesRevisionDigest: sha256:9ae0d19b613ec70ac72d723fcc803d1bc29a017906244afbd59e6bf62d047fbc
workflow:
    workflowVersion: 1.0.0
    speakeasyVersion: latest
    sources:
        kombo-prepared-spec:
            inputs:
                - location: https://api.kombo.dev/internal/sdk.openapi.yaml
                  authHeader: Authorization
                  authSecret: $openapi_doc_auth_token
            registry:
                location: registry.speakeasyapi.dev/kombo-ayg/api/kombo-api
    targets:
        kombo-ruby:
            target: ruby
            source: kombo-prepared-spec
            publish:
                rubygems:
                    token: $rubygems_auth_token
            codeSamples:
                registry:
                    location: registry.speakeasyapi.dev/kombo-ayg/api/kombo-api-python-ruby-code-samples
                blocking: false
            testing:
                enabled: false
